
Microsoft Visual Studio Solution File, Format Version 12.00
# Visual Studio Version 17
VisualStudioVersion = 17.7.34221.43
MinimumVisualStudioVersion = 10.0.40219.1
Project("{9A19103F-16F7-4668-BE54-9A1E7A4F7556}") = "Contracts", "Contracts\Contracts.csproj", "{2EDD10FC-204F-4581-BAD6-A5E125EF07B9}"
EndProject
Project("{9A19103F-16F7-4668-BE54-9A1E7A4F7556}") = "Repositories", "Repository\Repositories.csproj", "{BEED9D10-420A-42B9-B612-921CF78E0A3C}"
EndProject
Project("{9A19103F-16F7-4668-BE54-9A1E7A4F7556}") = "Entities", "Entities\Entities.csproj", "{CD0653F7-E405-48C4-A604-6CAD777A8512}"
EndProject
Project("{9A19103F-16F7-4668-BE54-9A1E7A4F7556}") = "BgfclApp", "BgfclApp\BgfclApp.csproj", "{30E618CA-C8A2-4D3A-BF62-772F154B5A4C}"
EndProject
Project("{FAE04EC0-301F-11D3-BF4B-00C04F79EFBC}") = "ReportDesigner", "ReportDesigner\ReportDesigner.csproj", "{639ACBA8-CCC9-4247-B7AC-B8FC0E277C5D}"
EndProject
Global
	GlobalSection(SolutionConfigurationPlatforms) = preSolution
		Debug|Any CPU = Debug|Any CPU
		Release|Any CPU = Release|Any CPU
	EndGlobalSection
	GlobalSection(ProjectConfigurationPlatforms) = postSolution
		{2EDD10FC-204F-4581-BAD6-A5E125EF07B9}.Debug|Any CPU.ActiveCfg = Debug|Any CPU
		{2EDD10FC-204F-4581-BAD6-A5E125EF07B9}.Debug|Any CPU.Build.0 = Debug|Any CPU
		{2EDD10FC-204F-4581-BAD6-A5E125EF07B9}.Release|Any CPU.ActiveCfg = Debug|Any CPU
		{2EDD10FC-204F-4581-BAD6-A5E125EF07B9}.Release|Any CPU.Build.0 = Debug|Any CPU
		{BEED9D10-420A-42B9-B612-921CF78E0A3C}.Debug|Any CPU.ActiveCfg = Debug|Any CPU
		{BEED9D10-420A-42B9-B612-921CF78E0A3C}.Debug|Any CPU.Build.0 = Debug|Any CPU
		{BEED9D10-420A-42B9-B612-921CF78E0A3C}.Release|Any CPU.ActiveCfg = Debug|Any CPU
		{BEED9D10-420A-42B9-B612-921CF78E0A3C}.Release|Any CPU.Build.0 = Debug|Any CPU
		{CD0653F7-E405-48C4-A604-6CAD777A8512}.Debug|Any CPU.ActiveCfg = Debug|Any CPU
		{CD0653F7-E405-48C4-A604-6CAD777A8512}.Debug|Any CPU.Build.0 = Debug|Any CPU
		{CD0653F7-E405-48C4-A604-6CAD777A8512}.Release|Any CPU.ActiveCfg = Debug|Any CPU
		{CD0653F7-E405-48C4-A604-6CAD777A8512}.Release|Any CPU.Build.0 = Debug|Any CPU
		{30E618CA-C8A2-4D3A-BF62-772F154B5A4C}.Debug|Any CPU.ActiveCfg = Debug|Any CPU
		{30E618CA-C8A2-4D3A-BF62-772F154B5A4C}.Debug|Any CPU.Build.0 = Debug|Any CPU
		{30E618CA-C8A2-4D3A-BF62-772F154B5A4C}.Release|Any CPU.ActiveCfg = Debug|Any CPU
		{30E618CA-C8A2-4D3A-BF62-772F154B5A4C}.Release|Any CPU.Build.0 = Debug|Any CPU
		{639ACBA8-CCC9-4247-B7AC-B8FC0E277C5D}.Debug|Any CPU.ActiveCfg = Debug|Any CPU
		{639ACBA8-CCC9-4247-B7AC-B8FC0E277C5D}.Debug|Any CPU.Build.0 = Debug|Any CPU
		{639ACBA8-CCC9-4247-B7AC-B8FC0E277C5D}.Release|Any CPU.ActiveCfg = Release|Any CPU
		{639ACBA8-CCC9-4247-B7AC-B8FC0E277C5D}.Release|Any CPU.Build.0 = Release|Any CPU
	EndGlobalSection
	GlobalSection(SolutionProperties) = preSolution
		HideSolutionNode = FALSE
	EndGlobalSection
	GlobalSection(ExtensibilityGlobals) = postSolution
		SolutionGuid = {46755DE1-1879-4A31-9330-6EBC3979768C}
	EndGlobalSection
EndGlobal
